// !$*UTF8*$!
{
	archiveVersion = 1;
	classes = {
	};
	objectVersion = 46;
	objects = {

/* Begin PBXBuildFile section */
		745A80201F1F0D210011152A /* AppDelegate.swift in Sources */ = {isa = PBXBuildFile; fileRef = 745A801F1F1F0D210011152A /* AppDelegate.swift */; };
		745A80221F1F0D210011152A /* ViewController.swift in Sources */ = {isa = PBXBuildFile; fileRef = 745A80211F1F0D210011152A /* ViewController.swift */; };
		745A80251F1F0D210011152A /* Main.storyboard in Resources */ = {isa = PBXBuildFile; fileRef = 745A80231F1F0D210011152A /* Main.storyboard */; };
		745A80271F1F0D210011152A /* Assets.xcassets in Resources */ = {isa = PBXBuildFile; fileRef = 745A80261F1F0D210011152A /* Assets.xcassets */; };
		745A802A1F1F0D210011152A /* LaunchScreen.storyboard in Resources */ = {isa = PBXBuildFile; fileRef = 745A80281F1F0D210011152A /* LaunchScreen.storyboard */; };
		745A80341F1F0EB30011152A /* GradientView.swift in Sources */ = {isa = PBXBuildFile; fileRef = 745A80331F1F0EB30011152A /* GradientView.swift */; };
		7471C4591F7448C100CA542E /* Teacher Schedules.csv in Resources */ = {isa = PBXBuildFile; fileRef = 7471C4581F7448C100CA542E /* Teacher Schedules.csv */; };
		7471C45B1F76E9AD00CA542E /* Teacher Names.csv in Resources */ = {isa = PBXBuildFile; fileRef = 7471C45A1F76E9AD00CA542E /* Teacher Names.csv */; };
/* End PBXBuildFile section */

/* Begin PBXFileReference section */
		745A801C1F1F0D210011152A /* TDS 12th Grade Teachers.app */ = {isa = PBXFileReference; explicitFileType = wrapper.application; includeInIndex = 0; path = "TDS 12th Grade Teachers.app"; sourceTree = BUILT_PRODUCTS_DIR; };
		745A801F1F1F0D210011152A /* AppDelegate.swift */ = {isa = PBXFileReference; lastKnownFileType = sourcecode.swift; path = AppDelegate.swift; sourceTree = "<group>"; };
		745A80211F1F0D210011152A /* ViewController.swift */ = {isa = PBXFileReference; lastKnownFileType = sourcecode.swift; path = ViewController.swift; sourceTree = "<group>"; };
		745A80241F1F0D210011152A /* Base */ = {isa = PBXFileReference; lastKnownFileType = file.storyboard; name = Base; path = Base.lproj/Main.storyboard; sourceTree = "<group>"; };
		745A80261F1F0D210011152A /* Assets.xcassets */ = {isa = PBXFileReference; lastKnownFileType = folder.assetcatalog; path = Assets.xcassets; sourceTree = "<group>"; };
		745A80291F1F0D210011152A /* Base */ = {isa = PBXFileReference; lastKnownFileType = file.storyboard; name = Base; path = Base.lproj/LaunchScreen.storyboard; sourceTree = "<group>"; };
		745A802B1F1F0D210011152A /* Info.plist */ = {isa = PBXFileReference; lastKnownFileType = text.plist.xml; path = Info.plist; sourceTree = "<group>"; };
		745A80331F1F0EB30011152A /* GradientView.swift */ = {isa = PBXFileReference; fileEncoding = 4; lastKnownFileType = sourcecode.swift; path = GradientView.swift; sourceTree = "<group>"; };
		7471C4581F7448C100CA542E /* Teacher Schedules.csv */ = {isa = PBXFileReference; lastKnownFileType = text; name = "Teacher Schedules.csv"; path = "TDS 12th Grade Teachers/Teacher Schedules.csv"; sourceTree = "<group>"; };
		7471C45A1F76E9AD00CA542E /* Teacher Names.csv */ = {isa = PBXFileReference; lastKnownFileType = text; name = "Teacher Names.csv"; path = "TDS 12th Grade Teachers/Teacher Names.csv"; sourceTree = "<group>"; };
/* End PBXFileReference section */

/* Begin PBXFrameworksBuildPhase section */
		745A80191F1F0D210011152A /* Frameworks */ = {
			isa = PBXFrameworksBuildPhase;
			buildActionMask = 2147483647;
			files = (
			);
			runOnlyForDeploymentPostprocessing = 0;
		};
/* End PBXFrameworksBuildPhase section */

/* Begin PBXGroup section */
		745A80131F1F0D210011152A = {
			isa = PBXGroup;
			children = (
				7471C45A1F76E9AD00CA542E /* Teacher Names.csv */,
				7471C4581F7448C100CA542E /* Teacher Schedules.csv */,
				745A801E1F1F0D210011152A /* TDS 12th Grade Teachers */,
				745A801D1F1F0D210011152A /* Products */,
			);
			sourceTree = "<group>";
		};
		745A801D1F1F0D210011152A /* Products */ = {
			isa = PBXGroup;
			children = (
				745A801C1F1F0D210011152A /* TDS 12th Grade Teachers.app */,
			);
			name = Products;
			sourceTree = "<group>";
		};
		745A801E1F1F0D210011152A /* TDS 12th Grade Teachers */ = {
			isa = PBXGroup;
			children = (
				745A801F1F1F0D210011152A /* AppDelegate.swift */,
				745A80211F1F0D210011152A /* ViewController.swift */,
				745A80331F1F0EB30011152A /* GradientView.swift */,
				745A80231F1F0D210011152A /* Main.storyboard */,
				745A80261F1F0D210011152A /* Assets.xcassets */,
				745A80281F1F0D210011152A /* LaunchScreen.storyboard */,
				745A802B1F1F0D210011152A /* Info.plist */,
			);
			path = "TDS 12th Grade Teachers";
			sourceTree = "<group>";
		};
/* End PBXGroup section */

/* Begin PBXNativeTarget section */
		745A801B1F1F0D210011152A /* TDS 12th Grade Teachers */ = {
			isa = PBXNativeTarget;
			buildConfigurationList = 745A802E1F1F0D210011152A /* Build configuration list for PBXNativeTarget "TDS 12th Grade Teachers" */;
			buildPhases = (
				745A80181F1F0D210011152A /* Sources */,
				745A80191F1F0D210011152A /* Frameworks */,
				745A801A1F1F0D210011152A /* Resources */,
			);
			buildRules = (
			);
			dependencies = (
			);
			name = "TDS 12th Grade Teachers";
			productName = "TDS 12th Grade Teachers";
			productReference = 745A801C1F1F0D210011152A /* TDS 12th Grade Teachers.app */;
			productType = "com.apple.product-type.application";
		};
/* End PBXNativeTarget section */

/* Begin PBXProject section */
		745A80141F1F0D210011152A /* Project object */ = {
			isa = PBXProject;
			attributes = {
				LastSwiftUpdateCheck = 0830;
				LastUpgradeCheck = 0900;
				ORGANIZATIONNAME = "Lucia Gordon";
				TargetAttributes = {
					745A801B1F1F0D210011152A = {
						CreatedOnToolsVersion = 8.3.3;
						DevelopmentTeam = BE6LEPZ3LB;
						LastSwiftMigration = 0900;
						ProvisioningStyle = Automatic;
					};
				};
			};
			buildConfigurationList = 745A80171F1F0D210011152A /* Build configuration list for PBXProject "TDS 12th Grade Teachers" */;
			compatibilityVersion = "Xcode 3.2";
			developmentRegion = English;
			hasScannedForEncodings = 0;
			knownRegions = (
				en,
				Base,
			);
			mainGroup = 745A80131F1F0D210011152A;
			productRefGroup = 745A801D1F1F0D210011152A /* Products */;
			projectDirPath = "";
			projectRoot = "";
			targets = (
				745A801B1F1F0D210011152A /* TDS 12th Grade Teachers */,
			);
		};
/* End PBXProject section */

/* Begin PBXResourcesBuildPhase section */
		745A801A1F1F0D210011152A /* Resources */ = {
			isa = PBXResourcesBuildPhase;
			buildActionMask = 2147483647;
			files = (
				7471C45B1F76E9AD00CA542E /* Teacher Names.csv in Resources */,
				7471C4591F7448C100CA542E /* Teacher Schedules.csv in Resources */,
				745A802A1F1F0D210011152A /* LaunchScreen.storyboard in Resources */,
				745A80271F1F0D210011152A /* Assets.xcassets in Resources */,
				745A80251F1F0D210011152A /* Main.storyboard in Resources */,
			);
			runOnlyForDeploymentPostprocessing = 0;
		};
/* End PBXResourcesBuildPhase section */

/* Begin PBXSourcesBuildPhase section */
		745A80181F1F0D210011152A /* Sources */ = {
			isa = PBXSourcesBuildPhase;
			buildActionMask = 2147483647;
			files = (
				745A80221F1F0D210011152A /* ViewController.swift in Sources */,
				745A80201F1F0D210011152A /* AppDelegate.swift in Sources */,
				745A80341F1F0EB30011152A /* GradientView.swift in Sources */,
			);
			runOnlyForDeploymentPostprocessing = 0;
		};
/* End PBXSourcesBuildPhase section */

/* Begin PBXVariantGroup section */
		745A80231F1F0D210011152A /* Main.storyboard */ = {
			isa = PBXVariantGroup;
			children = (
				745A80241F1F0D210011152A /* Base */,
			);
			name = Main.storyboard;
			sourceTree = "<group>";
		};
		745A80281F1F0D210011152A /* LaunchScreen.storyboard */ = {
			isa = PBXVariantGroup;
			children = (
				745A80291F1F0D210011152A /* Base */,
			);
			name = LaunchScreen.storyboard;
			sourceTree = "<group>";
		};
/* End PBXVariantGroup section */

/* Begin XCBuildConfiguration section */
		745A802C1F1F0D210011152A /* Debug */ = {
			isa = XCBuildConfiguration;
			buildSettings = {
				ALWAYS_SEARCH_USER_PATHS = NO;
				CLANG_ANALYZER_NONNULL = YES;
				CLANG_ANALYZER_NUMBER_OBJECT_CONVERSION = YES_AGGRESSIVE;
				CLANG_CXX_LANGUAGE_STANDARD = "gnu++0x";
				CLANG_CXX_LIBRARY = "libc++";
				CLANG_ENABLE_MODULES = YES;
				CLANG_ENABLE_OBJC_ARC = YES;
				CLANG_WARN_BLOCK_CAPTURE_AUTORELEASING = YES;
				CLANG_WARN_BOOL_CONVERSION = YES;
				CLANG_WARN_COMMA = YES;
				CLANG_WARN_CONSTANT_CONVERSION = YES;
				CLANG_WARN_DIRECT_OBJC_ISA_USAGE = YES_ERROR;
				CLANG_WARN_DOCUMENTATION_COMMENTS = YES;
				CLANG_WARN_EMPTY_BODY = YES;
				CLANG_WARN_ENUM_CONVERSION = YES;
				CLANG_WARN_INFINITE_RECURSION = YES;
				CLANG_WARN_INT_CONVERSION = YES;
				CLANG_WARN_NON_LITERAL_NULL_CONVERSION = YES;
				CLANG_WARN_OBJC_LITERAL_CONVERSION = YES;
				CLANG_WARN_OBJC_ROOT_CLASS = YES_ERROR;
				CLANG_WARN_RANGE_LOOP_ANALYSIS = YES;
				CLANG_WARN_STRICT_PROTOTYPES = YES;
				CLANG_WARN_SUSPICIOUS_MOVE = YES;
				CLANG_WARN_UNREACHABLE_CODE = YES;
				CLANG_WARN__DUPLICATE_METHOD_MATCH = YES;
				"CODE_SIGN_IDENTITY[sdk=iphoneos*]" = "iPhone Developer";
				COPY_PHASE_STRIP = NO;
				DEBUG_INFORMATION_FORMAT = dwarf;
				ENABLE_STRICT_OBJC_MSGSEND = YES;
				ENABLE_TESTABILITY = YES;
				GCC_C_LANGUAGE_STANDARD = gnu99;
				GCC_DYNAMIC_NO_PIC = NO;
				GCC_NO_COMMON_BLOCKS = YES;
				GCC_OPTIMIZATION_LEVEL = 0;
				GCC_PREPROCESSOR_DEFINITIONS = (
					"DEBUG=1",
					"$(inherited)",
				);
				GCC_WARN_64_TO_32_BIT_CONVERSION = YES;
				GCC_WARN_ABOUT_RETURN_TYPE = YES_ERROR;
				GCC_WARN_UNDECLARED_SELECTOR = YES;
				GCC_WARN_UNINITIALIZED_AUTOS = YES_AGGRESSIVE;
				GCC_WARN_UNUSED_FUNCTION = YES;
				GCC_WARN_UNUSED_VARIABLE = YES;
				IPHONEOS_DEPLOYMENT_TARGET = 10.3;
				MTL_ENABLE_DEBUG_INFO = YES;
				ONLY_ACTIVE_ARCH = YES;
				SDKROOT = iphoneos;
				SWIFT_ACTIVE_COMPILATION_CONDITIONS = DEBUG;
				SWIFT_OPTIMIZATION_LEVEL = "-Onone";
				TARGETED_DEVICE_FAMILY = "1,2";
			};
			name = Debug;
		};
		745A802D1F1F0D210011152A /* Release */ = {
			isa = XCBuildConfiguration;
			buildSettings = {
				ALWAYS_SEARCH_USER_PATHS = NO;
				CLANG_ANALYZER_NONNULL = YES;
				CLANG_ANALYZER_NUMBER_OBJECT_CONVERSION = YES_AGGRESSIVE;
				CLANG_CXX_LANGUAGE_STANDARD = "gnu++0x";
				CLANG_CXX_LIBRARY = "libc++";
				CLANG_ENABLE_MODULES = YES;
				CLANG_ENABLE_OBJC_ARC = YES;
				CLANG_WARN_BLOCK_CAPTURE_AUTORELEASING = YES;
				CLANG_WARN_BOOL_CONVERSION = YES;
				CLANG_WARN_COMMA = YES;
				CLANG_WARN_CONSTANT_CONVERSION = YES;
				CLANG_WARN_DIRECT_OBJC_ISA_USAGE = YES_ERROR;
				CLANG_WARN_DOCUMENTATION_COMMENTS = YES;
				CLANG_WARN_EMPTY_BODY = YES;
				CLANG_WARN_ENUM_CONVERSION = YES;
				CLANG_WARN_INFINITE_RECURSION = YES;
				CLANG_WARN_INT_CONVERSION = YES;
				CLANG_WARN_NON_LITERAL_NULL_CONVERSION = YES;
				CLANG_WARN_OBJC_LITERAL_CONVERSION = YES;
				CLANG_WARN_OBJC_ROOT_CLASS = YES_ERROR;
				CLANG_WARN_RANGE_LOOP_ANALYSIS = YES;
				CLANG_WARN_STRICT_PROTOTYPES = YES;
				CLANG_WARN_SUSPICIOUS_MOVE = YES;
				CLANG_WARN_UNREACHABLE_CODE = YES;
				CLANG_WARN__DUPLICATE_METHOD_MATCH = YES;
				"CODE_SIGN_IDENTITY[sdk=iphoneos*]" = "iPhone Developer";
				COPY_PHASE_STRIP = NO;
				DEBUG_INFORMATION_FORMAT = "dwarf-with-dsym";
				ENABLE_NS_ASSERTIONS = NO;
				ENABLE_STRICT_OBJC_MSGSEND = YES;
				GCC_C_LANGUAGE_STANDARD = gnu99;
				GCC_NO_COMMON_BLOCKS = YES;
				GCC_WARN_64_TO_32_BIT_CONVERSION = YES;
				GCC_WARN_ABOUT_RETURN_TYPE = YES_ERROR;
				GCC_WARN_UNDECLARED_SELECTOR = YES;
				GCC_WARN_UNINITIALIZED_AUTOS = YES_AGGRESSIVE;
				GCC_WARN_UNUSED_FUNCTION = YES;
				GCC_WARN_UNUSED_VARIABLE = YES;
				IPHONEOS_DEPLOYMENT_TARGET = 10.3;
				MTL_ENABLE_DEBUG_INFO = NO;
				SDKROOT = iphoneos;
				SWIFT_OPTIMIZATION_LEVEL = "-Owholemodule";
				TARGETED_DEVICE_FAMILY = "1,2";
				VALIDATE_PRODUCT = YES;
			};
			name = Release;
		};
		745A802F1F1F0D210011152A /* Debug */ = {
			isa = XCBuildConfiguration;
			buildSettings = {
				ASSETCATALOG_COMPILER_APPICON_NAME = AppIcon;
				DEVELOPMENT_TEAM = BE6LEPZ3LB;
				INFOPLIST_FILE = "TDS 12th Grade Teachers/Info.plist";
				LD_RUNPATH_SEARCH_PATHS = "$(inherited) @executable_path/Frameworks";
				PRODUCT_BUNDLE_IDENTIFIER = "com.luciagordon.TDS-12th-Grade-Teachers";
				PRODUCT_NAME = "$(TARGET_NAME)";
				SWIFT_SWIFT3_OBJC_INFERENCE = Default;
				SWIFT_VERSION = 4.0;
				TARGETED_DEVICE_FAMILY = "1,2";
			};
			name = Debug;
		};
		745A80301F1F0D210011152A /* Release */ = {
			isa = XCBuildConfiguration;
			buildSettings = {
				ASSETCATALOG_COMPILER_APPICON_NAME = AppIcon;
				DEVELOPMENT_TEAM = BE6LEPZ3LB;
				INFOPLIST_FILE = "TDS 12th Grade Teachers/Info.plist";
				LD_RUNPATH_SEARCH_PATHS = "$(inherited) @executable_path/Frameworks";
				PRODUCT_BUNDLE_IDENTIFIER = "com.luciagordon.TDS-12th-Grade-Teachers";
				PRODUCT_NAME = "$(TARGET_NAME)";
				SWIFT_SWIFT3_OBJC_INFERENCE = Default;
				SWIFT_VERSION = 4.0;
				TARGETED_DEVICE_FAMILY = "1,2";
			};
			name = Release;
		};
/* End XCBuildConfiguration section */

/* Begin XCConfigurationList section */
		745A80171F1F0D210011152A /* Build configuration list for PBXProject "TDS 12th Grade Teachers" */ = {
			isa = XCConfigurationList;
			buildConfigurations = (
				745A802C1F1F0D210011152A /* Debug */,
				745A802D1F1F0D210011152A /* Release */,
			);
			defaultConfigurationIsVisible = 0;
			defaultConfigurationName = Release;
		};
		745A802E1F1F0D210011152A /* Build configuration list for PBXNativeTarget "TDS 12th Grade Teachers" */ = {
			isa = XCConfigurationList;
			buildConfigurations = (
				745A802F1F1F0D210011152A /* Debug */,
				745A80301F1F0D210011152A /* Release */,
			);
			defaultConfigurationIsVisible = 0;
			defaultConfigurationName = Release;
		};
/* End XCConfigurationList section */
	};
	rootObject = 745A80141F1F0D210011152A /* Project object */;
}
